
Microsoft Visual Studio Solution File, Format Version 12.00
# Visual Studio Version 17
VisualStudioVersion = 17.1.32319.34
MinimumVisualStudioVersion = 10.0.40219.1
Project("{FAE04EC0-301F-11D3-BF4B-00C04F79EFBC}") = "Exercicio__05", "Exercicio__05\Exercicio__05.csproj", "{EE822393-9B1F-4BF1-A27B-3DB0D3A78C82}"
EndProject
Global
	GlobalSection(SolutionConfigurationPlatforms) = preSolution
		Debug|Any CPU = Debug|Any CPU
		Release|Any CPU = Release|Any CPU
	EndGlobalSection
	GlobalSection(ProjectConfigurationPlatforms) = postSolution
		{EE822393-9B1F-4BF1-A27B-3DB0D3A78C82}.Debug|Any CPU.ActiveCfg = Debug|Any CPU
		{EE822393-9B1F-4BF1-A27B-3DB0D3A78C82}.Debug|Any CPU.Build.0 = Debug|Any CPU
		{EE822393-9B1F-4BF1-A27B-3DB0D3A78C82}.Release|Any CPU.ActiveCfg = Release|Any CPU
		{EE822393-9B1F-4BF1-A27B-3DB0D3A78C82}.Release|Any CPU.Build.0 = Release|Any CPU
	EndGlobalSection
	GlobalSection(SolutionProperties) = preSolution
		HideSolutionNode = FALSE
	EndGlobalSection
	GlobalSection(ExtensibilityGlobals) = postSolution
		SolutionGuid = {53552DDA-A552-4796-A86E-7DAAF837D888}
	EndGlobalSection
EndGlobal
